# ScriptPulse Pinned Requirements — Reproducibility Lock File
# Generated: 2026-06-10 from a known-good local environment (Python 3.12)
# Use: pip install -r requirements.lock
#
# NOTE: Heavy ML packages (torch, transformers, sentence-transformers, spacy)
# are intentionally omitted from the cloud deployment lock.
# The engine degrades gracefully to heuristic mode when they are absent.
# Set SCRIPTPULSE_HEURISTICS_ONLY=1 to force heuristic mode explicitly.
# For full ML mode, see the optional section at the bottom.

# Core Framework
streamlit==1.52.2
pandas==2.2.2
numpy==1.26.4
scipy==1.15.1
networkx==3.6.1
matplotlib==3.10.8
plotly==5.18.0
scikit-learn==1.5.1
regex==2025.11.3
pydantic==2.12.5

# File Processing
PyPDF2==3.0.1
python-dotenv==1.0.1

# AI/ML APIs
google-genai==2.0.1
openai==2.24.0
groq==1.2.0

# Security
defusedxml>=0.7.1

# Optional — Full ML stack (uncomment for local research/development):
# torch>=2.0.0
# transformers>=4.30.0
# sentence-transformers>=2.2.0
# spacy>=3.6.0
# After installing spacy: python -m spacy download en_core_web_sm
